# This file was autogenerated by Stack.
# You should not edit this file by hand.
# For more information, please see the documentation at:
#   https://docs.haskellstack.org/en/stable/lock_files

packages:
- completed:
    hackage: string-random-0.1.3.0@sha256:0de5969191f326616f002f64031ffbad31a9b5d71f9d17e16a005379e0a137f9,2439
    pantry-tree:
      size: 489
      sha256: 31e80448992dc8642295172aee17de0179ff037c15b4eee4b4050a925430c7bf
  original:
    hackage: string-random-0.1.3.0@sha256:0de5969191f326616f002f64031ffbad31a9b5d71f9d17e16a005379e0a137f9,2439
snapshots:
- completed:
    size: 532380
    url: https://raw.githubusercontent.com/commercialhaskell/stackage-snapshots/master/lts/16/9.yaml
    sha256: 14a7cec114424e4286adde73364438927a553ed248cc50f069a30a67e3ee1e69
  original: lts-16.9
